Microsoft Visual Studio Solution File, Format Version 12.00
# Visual Studio Version 17
VisualStudioVersion = 17.5.2.0
MinimumVisualStudioVersion = 10.0.40219.1
Project("{FAE04EC0-301F-11D3-BF4B-00C04F79EFBC}") = "Among Us dumper", "Among Us dumper\Among Us dumper.csproj", "{7679FB86-977B-8B18-1A1F-8322446A0BEA}"
EndProject
Global
	GlobalSection(SolutionConfigurationPlatforms) = preSolution
		Debug|Any CPU = Debug|Any CPU
		Release|Any CPU = Release|Any CPU
	EndGlobalSection
	GlobalSection(ProjectConfigurationPlatforms) = postSolution
		{7679FB86-977B-8B18-1A1F-8322446A0BEA}.Debug|Any CPU.ActiveCfg = Debug|Any CPU
		{7679FB86-977B-8B18-1A1F-8322446A0BEA}.Debug|Any CPU.Build.0 = Debug|Any CPU
		{7679FB86-977B-8B18-1A1F-8322446A0BEA}.Release|Any CPU.ActiveCfg = Release|Any CPU
		{7679FB86-977B-8B18-1A1F-8322446A0BEA}.Release|Any CPU.Build.0 = Release|Any CPU
	EndGlobalSection
	GlobalSection(SolutionProperties) = preSolution
		HideSolutionNode = FALSE
	EndGlobalSection
	GlobalSection(ExtensibilityGlobals) = postSolution
		SolutionGuid = {DC734532-C72D-4678-84A7-01B432A8B769}
	EndGlobalSection
EndGlobal
